<?xml version="1.0" encoding="utf-8"?>
<Project ToolsVersion="4.0" xmlns="http://schemas.microsoft.com/developer/msbuild/2003">
  <ItemGroup>
    <ClCompile Include="modules.cpp" />
    <ClCompile Include="modules_demux.cpp">
      <Filter>tests</Filter>
    </ClCompile>
    <ClCompile Include="modules_simple.cpp">
      <Filter>tests</Filter>
    </ClCompile>
    <ClCompile Include="tests.cpp" />
    <ClCompile Include="modules_erasure.cpp">
      <Filter>tests</Filter>
    </ClCompile>
    <ClCompile Include="modules_player.cpp">
      <Filter>tests</Filter>
    </ClCompile>
    <ClCompile Include="modules_transcoder.cpp">
      <Filter>tests</Filter>
    </ClCompile>
    <ClCompile Include="modules_decode.cpp">
      <Filter>tests</Filter>
    </ClCompile>
    <ClCompile Include="modules_clock.cpp">
      <Filter>tests</Filter>
    </ClCompile>
    <ClCompile Include="modules_fifo.cpp">
      <Filter>tests</Filter>
    </ClCompile>
    <ClCompile Include="modules_generator.cpp">
      <Filter>tests</Filter>
    </ClCompile>
    <ClCompile Include="modules_render.cpp">
      <Filter>tests</Filter>
    </ClCompile>
    <ClCompile Include="modules_converter.cpp">
      <Filter>tests</Filter>
    </ClCompile>
    <ClCompile Include="modules_encoder.cpp">
      <Filter>tests</Filter>
    </ClCompile>
    <ClCompile Include="modules_mux.cpp">
      <Filter>tests</Filter>
    </ClCompile>
  </ItemGroup>
  <ItemGroup>
    <Filter Include="tests">
      <UniqueIdentifier>{17bd4faa-4233-4098-a0fd-1df7f29673a2}</UniqueIdentifier>
    </Filter>
  </ItemGroup>
  <ItemGroup>
    <ClInclude Include="tests.hpp">
      <Filter>tests</Filter>
    </ClInclude>
  </ItemGroup>
</Project>