Microsoft Visual Studio Solution File, Format Version 12.00
# Visual Studio 14
VisualStudioVersion = 14.0.22823.1
MinimumVisualStudioVersion = 10.0.40219.1
Project("{8BC9CEB8-8B4A-11D0-8D11-00A0C91BC942}") = "test_signals", "src\tests\test_signals.vcxproj", "{56B7E6F6-9666-4F71-A75C-C24AFFC93FCA}"
	ProjectSection(ProjectDependencies) = postProject
		{2ECCB03E-D138-43B8-823F-C9CF1837D97A} = {2ECCB03E-D138-43B8-823F-C9CF1837D97A}
	EndProjectSection
EndProject
Project("{8BC9CEB8-8B4A-11D0-8D11-00A0C91BC942}") = "signals", "src\lib_signals\signals.vcxproj", "{2ECCB03E-D138-43B8-823F-C9CF1837D97A}"
EndProject
Project("{8BC9CEB8-8B4A-11D0-8D11-00A0C91BC942}") = "modules", "src\lib_modules\modules.vcxproj", "{F6843994-F116-4E68-8EF8-C88149887D4C}"
	ProjectSection(ProjectDependencies) = postProject
		{2ECCB03E-D138-43B8-823F-C9CF1837D97A} = {2ECCB03E-D138-43B8-823F-C9CF1837D97A}
	EndProjectSection
EndProject
Project("{8BC9CEB8-8B4A-11D0-8D11-00A0C91BC942}") = "test_modules", "src\tests\test_modules.vcxproj", "{E89A9760-ED01-4413-915F-EE1B36F3E35E}"
	ProjectSection(ProjectDependencies) = postProject
		{F6843994-F116-4E68-8EF8-C88149887D4C} = {F6843994-F116-4E68-8EF8-C88149887D4C}
	EndProjectSection
EndProject
Project("{8BC9CEB8-8B4A-11D0-8D11-00A0C91BC942}") = "utils", "src\lib_utils\utils.vcxproj", "{BBD0B4EB-5070-4ECF-B626-DA78ED6C8725}"
EndProject
Project("{2150E333-8FDC-42A3-9474-1A3956D46DE8}") = "libs", "libs", "{A290926A-109B-4AD8-99F0-469AB6EFCA0C}"
EndProject
Project("{2150E333-8FDC-42A3-9474-1A3956D46DE8}") = "tests", "tests", "{A39E4613-6955-478C-A8DF-F34F9D721DF8}"
EndProject
Project("{2150E333-8FDC-42A3-9474-1A3956D46DE8}") = "apps", "apps", "{35FA5B12-E9CC-4957-A4BB-7F30BF7995C9}"
EndProject
Project("{8BC9CEB8-8B4A-11D0-8D11-00A0C91BC942}") = "player", "src\apps\player\player.vcxproj", "{BB532BC0-B84B-46B3-B02E-EBE9ECFC664E}"
EndProject
Project("{8BC9CEB8-8B4A-11D0-8D11-00A0C91BC942}") = "test_utils", "src\tests\test_utils.vcxproj", "{4A14FB63-AD80-418D-A68B-0814B51F0C74}"
	ProjectSection(ProjectDependencies) = postProject
		{BBD0B4EB-5070-4ECF-B626-DA78ED6C8725} = {BBD0B4EB-5070-4ECF-B626-DA78ED6C8725}
	EndProjectSection
EndProject
Project("{8BC9CEB8-8B4A-11D0-8D11-00A0C91BC942}") = "dashcastx", "src\apps\dashcastx\dashcastx.vcxproj", "{D0952093-7DEF-41AD-BA68-87FEEA688E95}"
EndProject
Project("{8BC9CEB8-8B4A-11D0-8D11-00A0C91BC942}") = "media", "src\lib_media\media.vcxproj", "{3ED5C725-44B6-4E0B-A38C-73D85D8347CD}"
	ProjectSection(ProjectDependencies) = postProject
		{F6843994-F116-4E68-8EF8-C88149887D4C} = {F6843994-F116-4E68-8EF8-C88149887D4C}
	EndProjectSection
EndProject
Project("{8BC9CEB8-8B4A-11D0-8D11-00A0C91BC942}") = "mp42tsx", "src\apps\mp42tsx\mp42tsx.vcxproj", "{28E67419-9B31-4EBF-A624-8C5072DC3447}"
EndProject
Global
	GlobalSection(SolutionConfigurationPlatforms) = preSolution
		Debug|Win32 = Debug|Win32
		Debug|x64 = Debug|x64
		Release|Win32 = Release|Win32
		Release|x64 = Release|x64
	EndGlobalSection
	GlobalSection(ProjectConfigurationPlatforms) = postSolution
		{56B7E6F6-9666-4F71-A75C-C24AFFC93FCA}.Debug|Win32.ActiveCfg = Debug|Win32
		{56B7E6F6-9666-4F71-A75C-C24AFFC93FCA}.Debug|Win32.Build.0 = Debug|Win32
		{56B7E6F6-9666-4F71-A75C-C24AFFC93FCA}.Debug|x64.ActiveCfg = Debug|x64
		{56B7E6F6-9666-4F71-A75C-C24AFFC93FCA}.Debug|x64.Build.0 = Debug|x64
		{56B7E6F6-9666-4F71-A75C-C24AFFC93FCA}.Release|Win32.ActiveCfg = Release|Win32
		{56B7E6F6-9666-4F71-A75C-C24AFFC93FCA}.Release|Win32.Build.0 = Release|Win32
		{56B7E6F6-9666-4F71-A75C-C24AFFC93FCA}.Release|x64.ActiveCfg = Release|x64
		{56B7E6F6-9666-4F71-A75C-C24AFFC93FCA}.Release|x64.Build.0 = Release|x64
		{2ECCB03E-D138-43B8-823F-C9CF1837D97A}.Debug|Win32.ActiveCfg = Debug|Win32
		{2ECCB03E-D138-43B8-823F-C9CF1837D97A}.Debug|Win32.Build.0 = Debug|Win32
		{2ECCB03E-D138-43B8-823F-C9CF1837D97A}.Debug|x64.ActiveCfg = Debug|x64
		{2ECCB03E-D138-43B8-823F-C9CF1837D97A}.Debug|x64.Build.0 = Debug|x64
		{2ECCB03E-D138-43B8-823F-C9CF1837D97A}.Release|Win32.ActiveCfg = Release|Win32
		{2ECCB03E-D138-43B8-823F-C9CF1837D97A}.Release|Win32.Build.0 = Release|Win32
		{2ECCB03E-D138-43B8-823F-C9CF1837D97A}.Release|x64.ActiveCfg = Release|x64
		{2ECCB03E-D138-43B8-823F-C9CF1837D97A}.Release|x64.Build.0 = Release|x64
		{F6843994-F116-4E68-8EF8-C88149887D4C}.Debug|Win32.ActiveCfg = Debug|Win32
		{F6843994-F116-4E68-8EF8-C88149887D4C}.Debug|Win32.Build.0 = Debug|Win32
		{F6843994-F116-4E68-8EF8-C88149887D4C}.Debug|x64.ActiveCfg = Debug|x64
		{F6843994-F116-4E68-8EF8-C88149887D4C}.Debug|x64.Build.0 = Debug|x64
		{F6843994-F116-4E68-8EF8-C88149887D4C}.Release|Win32.ActiveCfg = Release|Win32
		{F6843994-F116-4E68-8EF8-C88149887D4C}.Release|Win32.Build.0 = Release|Win32
		{F6843994-F116-4E68-8EF8-C88149887D4C}.Release|x64.ActiveCfg = Release|x64
		{F6843994-F116-4E68-8EF8-C88149887D4C}.Release|x64.Build.0 = Release|x64
		{E89A9760-ED01-4413-915F-EE1B36F3E35E}.Debug|Win32.ActiveCfg = Debug|Win32
		{E89A9760-ED01-4413-915F-EE1B36F3E35E}.Debug|Win32.Build.0 = Debug|Win32
		{E89A9760-ED01-4413-915F-EE1B36F3E35E}.Debug|x64.ActiveCfg = Debug|x64
		{E89A9760-ED01-4413-915F-EE1B36F3E35E}.Debug|x64.Build.0 = Debug|x64
		{E89A9760-ED01-4413-915F-EE1B36F3E35E}.Release|Win32.ActiveCfg = Release|Win32
		{E89A9760-ED01-4413-915F-EE1B36F3E35E}.Release|Win32.Build.0 = Release|Win32
		{E89A9760-ED01-4413-915F-EE1B36F3E35E}.Release|x64.ActiveCfg = Release|x64
		{E89A9760-ED01-4413-915F-EE1B36F3E35E}.Release|x64.Build.0 = Release|x64
		{BBD0B4EB-5070-4ECF-B626-DA78ED6C8725}.Debug|Win32.ActiveCfg = Debug|Win32
		{BBD0B4EB-5070-4ECF-B626-DA78ED6C8725}.Debug|Win32.Build.0 = Debug|Win32
		{BBD0B4EB-5070-4ECF-B626-DA78ED6C8725}.Debug|x64.ActiveCfg = Debug|x64
		{BBD0B4EB-5070-4ECF-B626-DA78ED6C8725}.Debug|x64.Build.0 = Debug|x64
		{BBD0B4EB-5070-4ECF-B626-DA78ED6C8725}.Release|Win32.ActiveCfg = Release|Win32
		{BBD0B4EB-5070-4ECF-B626-DA78ED6C8725}.Release|Win32.Build.0 = Release|Win32
		{BBD0B4EB-5070-4ECF-B626-DA78ED6C8725}.Release|x64.ActiveCfg = Release|x64
		{BBD0B4EB-5070-4ECF-B626-DA78ED6C8725}.Release|x64.Build.0 = Release|x64
		{BB532BC0-B84B-46B3-B02E-EBE9ECFC664E}.Debug|Win32.ActiveCfg = Debug|Win32
		{BB532BC0-B84B-46B3-B02E-EBE9ECFC664E}.Debug|Win32.Build.0 = Debug|Win32
		{BB532BC0-B84B-46B3-B02E-EBE9ECFC664E}.Debug|x64.ActiveCfg = Debug|x64
		{BB532BC0-B84B-46B3-B02E-EBE9ECFC664E}.Debug|x64.Build.0 = Debug|x64
		{BB532BC0-B84B-46B3-B02E-EBE9ECFC664E}.Release|Win32.ActiveCfg = Release|Win32
		{BB532BC0-B84B-46B3-B02E-EBE9ECFC664E}.Release|Win32.Build.0 = Release|Win32
		{BB532BC0-B84B-46B3-B02E-EBE9ECFC664E}.Release|x64.ActiveCfg = Release|x64
		{BB532BC0-B84B-46B3-B02E-EBE9ECFC664E}.Release|x64.Build.0 = Release|x64
		{4A14FB63-AD80-418D-A68B-0814B51F0C74}.Debug|Win32.ActiveCfg = Debug|Win32
		{4A14FB63-AD80-418D-A68B-0814B51F0C74}.Debug|Win32.Build.0 = Debug|Win32
		{4A14FB63-AD80-418D-A68B-0814B51F0C74}.Debug|x64.ActiveCfg = Debug|x64
		{4A14FB63-AD80-418D-A68B-0814B51F0C74}.Debug|x64.Build.0 = Debug|x64
		{4A14FB63-AD80-418D-A68B-0814B51F0C74}.Release|Win32.ActiveCfg = Release|Win32
		{4A14FB63-AD80-418D-A68B-0814B51F0C74}.Release|Win32.Build.0 = Release|Win32
		{4A14FB63-AD80-418D-A68B-0814B51F0C74}.Release|x64.ActiveCfg = Release|x64
		{4A14FB63-AD80-418D-A68B-0814B51F0C74}.Release|x64.Build.0 = Release|x64
		{D0952093-7DEF-41AD-BA68-87FEEA688E95}.Debug|Win32.ActiveCfg = Debug|Win32
		{D0952093-7DEF-41AD-BA68-87FEEA688E95}.Debug|Win32.Build.0 = Debug|Win32
		{D0952093-7DEF-41AD-BA68-87FEEA688E95}.Debug|x64.ActiveCfg = Debug|x64
		{D0952093-7DEF-41AD-BA68-87FEEA688E95}.Debug|x64.Build.0 = Debug|x64
		{D0952093-7DEF-41AD-BA68-87FEEA688E95}.Release|Win32.ActiveCfg = Release|Win32
		{D0952093-7DEF-41AD-BA68-87FEEA688E95}.Release|Win32.Build.0 = Release|Win32
		{D0952093-7DEF-41AD-BA68-87FEEA688E95}.Release|x64.ActiveCfg = Release|x64
		{D0952093-7DEF-41AD-BA68-87FEEA688E95}.Release|x64.Build.0 = Release|x64
		{3ED5C725-44B6-4E0B-A38C-73D85D8347CD}.Debug|Win32.ActiveCfg = Debug|Win32
		{3ED5C725-44B6-4E0B-A38C-73D85D8347CD}.Debug|Win32.Build.0 = Debug|Win32
		{3ED5C725-44B6-4E0B-A38C-73D85D8347CD}.Debug|x64.ActiveCfg = Debug|x64
		{3ED5C725-44B6-4E0B-A38C-73D85D8347CD}.Debug|x64.Build.0 = Debug|x64
		{3ED5C725-44B6-4E0B-A38C-73D85D8347CD}.Release|Win32.ActiveCfg = Release|Win32
		{3ED5C725-44B6-4E0B-A38C-73D85D8347CD}.Release|Win32.Build.0 = Release|Win32
		{3ED5C725-44B6-4E0B-A38C-73D85D8347CD}.Release|x64.ActiveCfg = Release|x64
		{3ED5C725-44B6-4E0B-A38C-73D85D8347CD}.Release|x64.Build.0 = Release|x64
		{28E67419-9B31-4EBF-A624-8C5072DC3447}.Debug|Win32.ActiveCfg = Debug|Win32
		{28E67419-9B31-4EBF-A624-8C5072DC3447}.Debug|Win32.Build.0 = Debug|Win32
		{28E67419-9B31-4EBF-A624-8C5072DC3447}.Debug|x64.ActiveCfg = Debug|x64
		{28E67419-9B31-4EBF-A624-8C5072DC3447}.Debug|x64.Build.0 = Debug|x64
		{28E67419-9B31-4EBF-A624-8C5072DC3447}.Release|Win32.ActiveCfg = Release|Win32
		{28E67419-9B31-4EBF-A624-8C5072DC3447}.Release|Win32.Build.0 = Release|Win32
		{28E67419-9B31-4EBF-A624-8C5072DC3447}.Release|x64.ActiveCfg = Release|x64
		{28E67419-9B31-4EBF-A624-8C5072DC3447}.Release|x64.Build.0 = Release|x64
	EndGlobalSection
	GlobalSection(SolutionProperties) = preSolution
		HideSolutionNode = FALSE
	EndGlobalSection
	GlobalSection(NestedProjects) = preSolution
		{56B7E6F6-9666-4F71-A75C-C24AFFC93FCA} = {A39E4613-6955-478C-A8DF-F34F9D721DF8}
		{2ECCB03E-D138-43B8-823F-C9CF1837D97A} = {A290926A-109B-4AD8-99F0-469AB6EFCA0C}
		{F6843994-F116-4E68-8EF8-C88149887D4C} = {A290926A-109B-4AD8-99F0-469AB6EFCA0C}
		{E89A9760-ED01-4413-915F-EE1B36F3E35E} = {A39E4613-6955-478C-A8DF-F34F9D721DF8}
		{BBD0B4EB-5070-4ECF-B626-DA78ED6C8725} = {A290926A-109B-4AD8-99F0-469AB6EFCA0C}
		{BB532BC0-B84B-46B3-B02E-EBE9ECFC664E} = {35FA5B12-E9CC-4957-A4BB-7F30BF7995C9}
		{4A14FB63-AD80-418D-A68B-0814B51F0C74} = {A39E4613-6955-478C-A8DF-F34F9D721DF8}
		{D0952093-7DEF-41AD-BA68-87FEEA688E95} = {35FA5B12-E9CC-4957-A4BB-7F30BF7995C9}
		{3ED5C725-44B6-4E0B-A38C-73D85D8347CD} = {A290926A-109B-4AD8-99F0-469AB6EFCA0C}
		{28E67419-9B31-4EBF-A624-8C5072DC3447} = {35FA5B12-E9CC-4957-A4BB-7F30BF7995C9}
	EndGlobalSection
EndGlobal
