
Microsoft Visual Studio Solution File, Format Version 12.00
# Visual Studio 2013
VisualStudioVersion = 12.0.21005.1
MinimumVisualStudioVersion = 10.0.40219.1
Project("{8BC9CEB8-8B4A-11D0-8D11-00A0C91BC942}") = "test_signals", "tests\test_signals.vcxproj", "{56B7E6F6-9666-4F71-A75C-C24AFFC93FCA}"
	ProjectSection(ProjectDependencies) = postProject
		{2ECCB03E-D138-43B8-823F-C9CF1837D97A} = {2ECCB03E-D138-43B8-823F-C9CF1837D97A}
	EndProjectSection
EndProject
Project("{8BC9CEB8-8B4A-11D0-8D11-00A0C91BC942}") = "signals", "signals\signals.vcxproj", "{2ECCB03E-D138-43B8-823F-C9CF1837D97A}"
EndProject
Project("{8BC9CEB8-8B4A-11D0-8D11-00A0C91BC942}") = "modules", "modules\modules.vcxproj", "{F6843994-F116-4E68-8EF8-C88149887D4C}"
	ProjectSection(ProjectDependencies) = postProject
		{2ECCB03E-D138-43B8-823F-C9CF1837D97A} = {2ECCB03E-D138-43B8-823F-C9CF1837D97A}
	EndProjectSection
EndProject
Project("{8BC9CEB8-8B4A-11D0-8D11-00A0C91BC942}") = "test_modules", "tests\test_modules.vcxproj", "{E89A9760-ED01-4413-915F-EE1B36F3E35E}"
	ProjectSection(ProjectDependencies) = postProject
		{F6843994-F116-4E68-8EF8-C88149887D4C} = {F6843994-F116-4E68-8EF8-C88149887D4C}
	EndProjectSection
EndProject
Global
	GlobalSection(SolutionConfigurationPlatforms) = preSolution
		Debug|Win32 = Debug|Win32
		Debug|x64 = Debug|x64
		Release|Win32 = Release|Win32
		Release|x64 = Release|x64
	EndGlobalSection
	GlobalSection(ProjectConfigurationPlatforms) = postSolution
		{56B7E6F6-9666-4F71-A75C-C24AFFC93FCA}.Debug|Win32.ActiveCfg = Debug|Win32
		{56B7E6F6-9666-4F71-A75C-C24AFFC93FCA}.Debug|Win32.Build.0 = Debug|Win32
		{56B7E6F6-9666-4F71-A75C-C24AFFC93FCA}.Debug|x64.ActiveCfg = Debug|x64
		{56B7E6F6-9666-4F71-A75C-C24AFFC93FCA}.Debug|x64.Build.0 = Debug|x64
		{56B7E6F6-9666-4F71-A75C-C24AFFC93FCA}.Release|Win32.ActiveCfg = Release|Win32
		{56B7E6F6-9666-4F71-A75C-C24AFFC93FCA}.Release|Win32.Build.0 = Release|Win32
		{56B7E6F6-9666-4F71-A75C-C24AFFC93FCA}.Release|x64.ActiveCfg = Release|x64
		{56B7E6F6-9666-4F71-A75C-C24AFFC93FCA}.Release|x64.Build.0 = Release|x64
		{2ECCB03E-D138-43B8-823F-C9CF1837D97A}.Debug|Win32.ActiveCfg = Debug|Win32
		{2ECCB03E-D138-43B8-823F-C9CF1837D97A}.Debug|Win32.Build.0 = Debug|Win32
		{2ECCB03E-D138-43B8-823F-C9CF1837D97A}.Debug|x64.ActiveCfg = Debug|x64
		{2ECCB03E-D138-43B8-823F-C9CF1837D97A}.Debug|x64.Build.0 = Debug|x64
		{2ECCB03E-D138-43B8-823F-C9CF1837D97A}.Release|Win32.ActiveCfg = Release|Win32
		{2ECCB03E-D138-43B8-823F-C9CF1837D97A}.Release|Win32.Build.0 = Release|Win32
		{2ECCB03E-D138-43B8-823F-C9CF1837D97A}.Release|x64.ActiveCfg = Release|x64
		{2ECCB03E-D138-43B8-823F-C9CF1837D97A}.Release|x64.Build.0 = Release|x64
		{F6843994-F116-4E68-8EF8-C88149887D4C}.Debug|Win32.ActiveCfg = Debug|Win32
		{F6843994-F116-4E68-8EF8-C88149887D4C}.Debug|Win32.Build.0 = Debug|Win32
		{F6843994-F116-4E68-8EF8-C88149887D4C}.Debug|x64.ActiveCfg = Debug|x64
		{F6843994-F116-4E68-8EF8-C88149887D4C}.Debug|x64.Build.0 = Debug|x64
		{F6843994-F116-4E68-8EF8-C88149887D4C}.Release|Win32.ActiveCfg = Release|Win32
		{F6843994-F116-4E68-8EF8-C88149887D4C}.Release|Win32.Build.0 = Release|Win32
		{F6843994-F116-4E68-8EF8-C88149887D4C}.Release|x64.ActiveCfg = Release|x64
		{F6843994-F116-4E68-8EF8-C88149887D4C}.Release|x64.Build.0 = Release|x64
		{E89A9760-ED01-4413-915F-EE1B36F3E35E}.Debug|Win32.ActiveCfg = Debug|Win32
		{E89A9760-ED01-4413-915F-EE1B36F3E35E}.Debug|Win32.Build.0 = Debug|Win32
		{E89A9760-ED01-4413-915F-EE1B36F3E35E}.Debug|x64.ActiveCfg = Debug|x64
		{E89A9760-ED01-4413-915F-EE1B36F3E35E}.Debug|x64.Build.0 = Debug|x64
		{E89A9760-ED01-4413-915F-EE1B36F3E35E}.Release|Win32.ActiveCfg = Release|Win32
		{E89A9760-ED01-4413-915F-EE1B36F3E35E}.Release|Win32.Build.0 = Release|Win32
		{E89A9760-ED01-4413-915F-EE1B36F3E35E}.Release|x64.ActiveCfg = Release|x64
		{E89A9760-ED01-4413-915F-EE1B36F3E35E}.Release|x64.Build.0 = Release|x64
	EndGlobalSection
	GlobalSection(SolutionProperties) = preSolution
		HideSolutionNode = FALSE
	EndGlobalSection
EndGlobal
