<?xml version="1.0" encoding="utf-8"?>
<Project ToolsVersion="4.0" xmlns="http://schemas.microsoft.com/developer/msbuild/2003">
  <ItemGroup>
    <ClCompile Include="signals.cpp" />
  </ItemGroup>
  <ItemGroup>
    <ClInclude Include="signal.hpp" />
    <ClInclude Include="protosignal.hpp" />
    <ClInclude Include="result.hpp" />
    <ClInclude Include="connection.hpp" />
    <ClInclude Include="caller.hpp" />
  </ItemGroup>
</Project>