<?xml version="1.0" encoding="utf-8"?>
<Project ToolsVersion="4.0" xmlns="http://schemas.microsoft.com/developer/msbuild/2003">
  <ItemGroup>
    <ClCompile Include="signals.cpp" />
    <ClCompile Include="signals_perf.cpp">
      <Filter>tests</Filter>
    </ClCompile>
    <ClCompile Include="signals_simple.cpp">
      <Filter>tests</Filter>
    </ClCompile>
    <ClCompile Include="signals_module.cpp">
      <Filter>tests</Filter>
    </ClCompile>
    <ClCompile Include="signals_async.cpp">
      <Filter>tests</Filter>
    </ClCompile>
    <ClCompile Include="signal_unit_result.cpp">
      <Filter>tests</Filter>
    </ClCompile>
  </ItemGroup>
  <ItemGroup>
    <ClInclude Include="tests.hpp">
      <Filter>tests</Filter>
    </ClInclude>
    <ClInclude Include="..\signals\signals.hpp">
      <Filter>includes</Filter>
    </ClInclude>
    <ClInclude Include="threadpool.hpp">
      <Filter>tests</Filter>
    </ClInclude>
    <ClInclude Include="..\signals\internal\core\caller.hpp">
      <Filter>includes\internal\core</Filter>
    </ClInclude>
    <ClInclude Include="..\signals\internal\core\connection.hpp">
      <Filter>includes\internal\core</Filter>
    </ClInclude>
    <ClInclude Include="..\signals\internal\core\protosignal.hpp">
      <Filter>includes\internal\core</Filter>
    </ClInclude>
    <ClInclude Include="..\signals\internal\core\result.hpp">
      <Filter>includes\internal\core</Filter>
    </ClInclude>
    <ClInclude Include="..\signals\internal\core\signal.hpp">
      <Filter>includes\internal\core</Filter>
    </ClInclude>
    <ClInclude Include="..\signals\internal\utils\helper.hpp">
      <Filter>includes\internal\utils</Filter>
    </ClInclude>
    <ClInclude Include="..\signals\internal\utils\queue.hpp">
      <Filter>includes\internal\utils</Filter>
    </ClInclude>
  </ItemGroup>
  <ItemGroup>
    <Filter Include="includes">
      <UniqueIdentifier>{530f0ffe-8ea0-469c-ab97-08dc8a2d2bb3}</UniqueIdentifier>
    </Filter>
    <Filter Include="tests">
      <UniqueIdentifier>{7bf9eaed-692e-4050-b005-92e0d8380a51}</UniqueIdentifier>
    </Filter>
    <Filter Include="includes\internal">
      <UniqueIdentifier>{4352ee3e-f1a2-4f14-9bb7-86c9a1cd9c78}</UniqueIdentifier>
    </Filter>
    <Filter Include="includes\internal\core">
      <UniqueIdentifier>{9f7d2980-9041-4d4e-967a-8c6dcb5ea1af}</UniqueIdentifier>
    </Filter>
    <Filter Include="includes\internal\utils">
      <UniqueIdentifier>{1581a664-fcb7-4f3b-be4e-1ce13327cb64}</UniqueIdentifier>
    </Filter>
  </ItemGroup>
</Project>