<?xml version="1.0" encoding="utf-8"?>
<Project ToolsVersion="4.0" xmlns="http://schemas.microsoft.com/developer/msbuild/2003">
  <ItemGroup>
    <Filter Include="modules">
      <UniqueIdentifier>{edb4e947-e1bf-40f4-89d9-5909cb6a2741}</UniqueIdentifier>
    </Filter>
    <Filter Include="modules_stub">
      <UniqueIdentifier>{f6ff73b7-a5d5-4cd2-bf83-3f5359a464dc}</UniqueIdentifier>
    </Filter>
    <Filter Include="modules_stub\internal">
      <UniqueIdentifier>{e0e9b039-01a3-43f3-986c-d3ef9422f206}</UniqueIdentifier>
    </Filter>
    <Filter Include="modules_stub\internal\core">
      <UniqueIdentifier>{ab189def-12a7-48d5-93b3-03175d9582f1}</UniqueIdentifier>
    </Filter>
  </ItemGroup>
  <ItemGroup>
    <ClCompile Include="..\modules\src\mux\gpac_mux_mp4.cpp">
      <Filter>modules</Filter>
    </ClCompile>
    <ClCompile Include="tests.cpp" />
    <ClCompile Include="..\modules\src\demux\gpac_demux_mp4_simple.cpp">
      <Filter>modules</Filter>
    </ClCompile>
    <ClCompile Include="..\modules\src\out\null.cpp">
      <Filter>modules</Filter>
    </ClCompile>
  </ItemGroup>
  <ItemGroup>
    <ClInclude Include="..\modules\src\mux\gpac_mux_mp4.hpp">
      <Filter>modules</Filter>
    </ClInclude>
    <ClInclude Include="modules_stub\internal\core\module.hpp">
      <Filter>modules_stub\internal\core</Filter>
    </ClInclude>
    <ClInclude Include="..\modules\src\demux\gpac_demux_mp4_simple.hpp">
      <Filter>modules</Filter>
    </ClInclude>
    <ClInclude Include="..\modules\src\out\null.hpp">
      <Filter>modules</Filter>
    </ClInclude>
  </ItemGroup>
</Project>