<?xml version="1.0" encoding="utf-8"?>
<Project ToolsVersion="4.0" xmlns="http://schemas.microsoft.com/developer/msbuild/2003">
  <ItemGroup>
    <Filter Include="src">
      <UniqueIdentifier>{22a3d231-ad2c-47ab-ae2a-99b76ea5919f}</UniqueIdentifier>
    </Filter>
    <Filter Include="src\in">
      <UniqueIdentifier>{a3f6e730-3170-425f-819d-cc94e02e576b}</UniqueIdentifier>
    </Filter>
    <Filter Include="src\out">
      <UniqueIdentifier>{c0fba10d-1043-4ef0-a075-207627a0576e}</UniqueIdentifier>
    </Filter>
    <Filter Include="src\decode">
      <UniqueIdentifier>{4642fa78-d96d-4584-a1ad-36ce4e4aa4f0}</UniqueIdentifier>
    </Filter>
    <Filter Include="src\render">
      <UniqueIdentifier>{314ce482-d82e-42a3-ae9c-a57026a2ebe2}</UniqueIdentifier>
    </Filter>
    <Filter Include="src\encode">
      <UniqueIdentifier>{b775b346-d3d6-4233-a42d-4d3ce6b3e5e1}</UniqueIdentifier>
    </Filter>
    <Filter Include="src\mux">
      <UniqueIdentifier>{3de33cfa-90b5-4be0-ba73-dc2b10db1970}</UniqueIdentifier>
    </Filter>
    <Filter Include="src\transform">
      <UniqueIdentifier>{ae8eabc9-587b-4dbf-868c-b02d323ccdfc}</UniqueIdentifier>
    </Filter>
    <Filter Include="src\stream">
      <UniqueIdentifier>{198ffbe9-d495-48ef-a045-37f1f306b3d6}</UniqueIdentifier>
    </Filter>
    <Filter Include="src\utils">
      <UniqueIdentifier>{90efad11-c1ad-4a9b-86ba-8008ba2676ae}</UniqueIdentifier>
    </Filter>
    <Filter Include="src\demux">
      <UniqueIdentifier>{105b0dc4-faa1-484a-9cda-871641ea5319}</UniqueIdentifier>
    </Filter>
    <Filter Include="src\common">
      <UniqueIdentifier>{7b279ce3-3778-402b-b35c-baf5278f3f13}</UniqueIdentifier>
    </Filter>
  </ItemGroup>
  <ItemGroup>
    <ClInclude Include="transform\audio_convert.hpp">
      <Filter>src\transform</Filter>
    </ClInclude>
    <ClInclude Include="common\libav.hpp">
      <Filter>src\common</Filter>
    </ClInclude>
    <ClInclude Include="common\pcm.hpp">
      <Filter>src\common</Filter>
    </ClInclude>
    <ClInclude Include="decode\jpegturbo_decode.hpp">
      <Filter>src\decode</Filter>
    </ClInclude>
    <ClInclude Include="decode\libav_decode.hpp">
      <Filter>src\decode</Filter>
    </ClInclude>
    <ClInclude Include="demux\gpac_demux_mp4_full.hpp">
      <Filter>src\demux</Filter>
    </ClInclude>
    <ClInclude Include="demux\gpac_demux_mp4_simple.hpp">
      <Filter>src\demux</Filter>
    </ClInclude>
    <ClInclude Include="demux\libav_demux.hpp">
      <Filter>src\demux</Filter>
    </ClInclude>
    <ClInclude Include="encode\jpegturbo_encode.hpp">
      <Filter>src\encode</Filter>
    </ClInclude>
    <ClInclude Include="encode\libav_encode.hpp">
      <Filter>src\encode</Filter>
    </ClInclude>
    <ClInclude Include="in\video_generator.hpp">
      <Filter>src\in</Filter>
    </ClInclude>
    <ClInclude Include="in\sound_generator.hpp">
      <Filter>src\in</Filter>
    </ClInclude>
    <ClInclude Include="mux\gpac_mux_mp4.hpp">
      <Filter>src\mux</Filter>
    </ClInclude>
    <ClInclude Include="mux\libav_mux.hpp">
      <Filter>src\mux</Filter>
    </ClInclude>
    <ClInclude Include="render\fifo.hpp">
      <Filter>src\render</Filter>
    </ClInclude>
    <ClInclude Include="render\sdl_audio.hpp">
      <Filter>src\render</Filter>
    </ClInclude>
    <ClInclude Include="render\sdl_video.hpp">
      <Filter>src\render</Filter>
    </ClInclude>
    <ClInclude Include="out\null.hpp">
      <Filter>src\out</Filter>
    </ClInclude>
    <ClInclude Include="out\print.hpp">
      <Filter>src\out</Filter>
    </ClInclude>
    <ClInclude Include="out\file.hpp">
      <Filter>src\out</Filter>
    </ClInclude>
    <ClInclude Include="in\file.hpp">
      <Filter>src\in</Filter>
    </ClInclude>
    <ClInclude Include="utils\comparator.hpp">
      <Filter>src\utils</Filter>
    </ClInclude>
    <ClInclude Include="utils\recorder.hpp">
      <Filter>src\utils</Filter>
    </ClInclude>
    <ClInclude Include="stream\mpeg_dash.hpp">
      <Filter>src\stream</Filter>
    </ClInclude>
    <ClInclude Include="transform\video_convert.hpp">
      <Filter>src\transform</Filter>
    </ClInclude>
    <ClInclude Include="media.hpp" />
    <ClInclude Include="common\picture.hpp">
      <Filter>src\common</Filter>
    </ClInclude>
  </ItemGroup>
  <ItemGroup>
    <ClCompile Include="common\libav.cpp">
      <Filter>src\common</Filter>
    </ClCompile>
    <ClCompile Include="transform\audio_convert.cpp">
      <Filter>src\transform</Filter>
    </ClCompile>
    <ClCompile Include="decode\jpegturbo_decode.cpp">
      <Filter>src\decode</Filter>
    </ClCompile>
    <ClCompile Include="decode\libav_decode.cpp">
      <Filter>src\decode</Filter>
    </ClCompile>
    <ClCompile Include="demux\gpac_demux_mp4_full.cpp">
      <Filter>src\demux</Filter>
    </ClCompile>
    <ClCompile Include="demux\gpac_demux_mp4_simple.cpp">
      <Filter>src\demux</Filter>
    </ClCompile>
    <ClCompile Include="demux\libav_demux.cpp">
      <Filter>src\demux</Filter>
    </ClCompile>
    <ClCompile Include="encode\jpegturbo_encode.cpp">
      <Filter>src\encode</Filter>
    </ClCompile>
    <ClCompile Include="encode\libav_encode.cpp">
      <Filter>src\encode</Filter>
    </ClCompile>
    <ClCompile Include="in\file.cpp">
      <Filter>src\in</Filter>
    </ClCompile>
    <ClCompile Include="in\video_generator.cpp">
      <Filter>src\in</Filter>
    </ClCompile>
    <ClCompile Include="in\sound_generator.cpp">
      <Filter>src\in</Filter>
    </ClCompile>
    <ClCompile Include="mux\gpac_mux_mp4.cpp">
      <Filter>src\mux</Filter>
    </ClCompile>
    <ClCompile Include="mux\libav_mux.cpp">
      <Filter>src\mux</Filter>
    </ClCompile>
    <ClCompile Include="render\sdl_audio.cpp">
      <Filter>src\render</Filter>
    </ClCompile>
    <ClCompile Include="render\sdl_common.cpp">
      <Filter>src\render</Filter>
    </ClCompile>
    <ClCompile Include="render\sdl_video.cpp">
      <Filter>src\render</Filter>
    </ClCompile>
    <ClCompile Include="out\file.cpp">
      <Filter>src\out</Filter>
    </ClCompile>
    <ClCompile Include="out\null.cpp">
      <Filter>src\out</Filter>
    </ClCompile>
    <ClCompile Include="out\print.cpp">
      <Filter>src\out</Filter>
    </ClCompile>
    <ClCompile Include="utils\comparator.cpp">
      <Filter>src\utils</Filter>
    </ClCompile>
    <ClCompile Include="utils\recorder.cpp">
      <Filter>src\utils</Filter>
    </ClCompile>
    <ClCompile Include="stream\mpeg_dash.cpp">
      <Filter>src\stream</Filter>
    </ClCompile>
    <ClCompile Include="transform\video_convert.cpp">
      <Filter>src\transform</Filter>
    </ClCompile>
    <ClCompile Include="common\picture.cpp">
      <Filter>src\common</Filter>
    </ClCompile>
  </ItemGroup>
</Project>