<?xml version="1.0" encoding="utf-8"?>
<Project ToolsVersion="4.0" xmlns="http://schemas.microsoft.com/developer/msbuild/2003">
  <ItemGroup>
    <Filter Include="core">
      <UniqueIdentifier>{c81eaab6-4326-41f2-b4f3-aad1df7b8076}</UniqueIdentifier>
    </Filter>
    <Filter Include="utils">
      <UniqueIdentifier>{a9a45a49-8b26-4546-83bd-e21018ca24b6}</UniqueIdentifier>
    </Filter>
  </ItemGroup>
  <ItemGroup>
    <ClInclude Include="modules.hpp" />
    <ClInclude Include="core\allocator.hpp">
      <Filter>core</Filter>
    </ClInclude>
    <ClInclude Include="core\clock.hpp">
      <Filter>core</Filter>
    </ClInclude>
    <ClInclude Include="core\data.hpp">
      <Filter>core</Filter>
    </ClInclude>
    <ClInclude Include="utils\helper.hpp">
      <Filter>utils</Filter>
    </ClInclude>
    <ClInclude Include="utils\stranded_pool_executor.hpp">
      <Filter>utils</Filter>
    </ClInclude>
    <ClInclude Include="core\module.hpp">
      <Filter>core</Filter>
    </ClInclude>
    <ClInclude Include="core\pin.hpp">
      <Filter>core</Filter>
    </ClInclude>
    <ClInclude Include="core\pipeline.hpp">
      <Filter>core</Filter>
    </ClInclude>
    <ClInclude Include="core\props.hpp">
      <Filter>core</Filter>
    </ClInclude>
  </ItemGroup>
  <ItemGroup>
    <ClCompile Include="utils\stranded_pool_executor.cpp">
      <Filter>utils</Filter>
    </ClCompile>
    <ClCompile Include="core\pipeline.cpp">
      <Filter>core</Filter>
    </ClCompile>
    <ClCompile Include="core\system_clock.cpp">
      <Filter>core</Filter>
    </ClCompile>
  </ItemGroup>
</Project>